{
  "name": "vrbot",
  "lockfileVersion": 3,
  "requires": true,
  "packages": {
    "": {
      "name": "vrbot",
      "workspaces": [
        "apps/*",
        "packages/*"
      ]
    },
    "node_modules/@vrbot/shared": {
      "resolved": "packages/shared",
      "link": true
    },
    "packages/shared": {
      "name": "@vrbot/shared",
      "version": "1.0.0"
    }
  }
}
