{
  "name": "vrbot-site",
  "lockfileVersion": 3,
  "requires": true,
  "packages": {
    "": {
      "name": "vrbot-site",
      "engines": {
        "node": ">=18"
      }
    },
    "packages/shared": {
      "name": "@vrbot/shared",
      "version": "1.0.0",
      "extraneous": true
    }
  }
}
